// !$*UTF8*$!
{
	archiveVersion = 1;
	classes = {
	};
	objectVersion = 46;
	objects = {

/* Begin PBXBuildFile section */
		341993E11E695FB6005274BD /* ViewController.swift in Sources */ = {isa = PBXBuildFile; fileRef = 341993D81E695FB6005274BD /* ViewController.swift */; };
		341993E21E695FB6005274BD /* Model.xcdatamodeld in Sources */ = {isa = PBXBuildFile; fileRef = 341993D91E695FB6005274BD /* Model.xcdatamodeld */; };
		341993E31E695FB6005274BD /* Info.plist in Resources */ = {isa = PBXBuildFile; fileRef = 341993DB1E695FB6005274BD /* Info.plist */; };
		341993E41E695FB6005274BD /* ClockCell.swift in Sources */ = {isa = PBXBuildFile; fileRef = 341993DC1E695FB6005274BD /* ClockCell.swift */; };
		341993E71E695FB6005274BD /* Assets.xcassets in Resources */ = {isa = PBXBuildFile; fileRef = 341993DF1E695FB6005274BD /* Assets.xcassets */; };
		341993E81E695FB6005274BD /* AppDelegate.swift in Sources */ = {isa = PBXBuildFile; fileRef = 341993E01E695FB6005274BD /* AppDelegate.swift */; };
		341993EC1E696023005274BD /* Main.storyboard in Resources */ = {isa = PBXBuildFile; fileRef = 341993EA1E696023005274BD /* Main.storyboard */; };
		3453692A1E6D554900F43AD1 /* PopoverViewController.swift in Sources */ = {isa = PBXBuildFile; fileRef = 345369291E6D554900F43AD1 /* PopoverViewController.swift */; };
		3453692C1E6D563200F43AD1 /* PopoverCell.swift in Sources */ = {isa = PBXBuildFile; fileRef = 3453692B1E6D563200F43AD1 /* PopoverCell.swift */; };
		3453692E1E6DB3CA00F43AD1 /* ClockManager.swift in Sources */ = {isa = PBXBuildFile; fileRef = 3453692D1E6DB3CA00F43AD1 /* ClockManager.swift */; };
		345369301E6DB72C00F43AD1 /* PopoverBackgroundView.swift in Sources */ = {isa = PBXBuildFile; fileRef = 3453692F1E6DB72C00F43AD1 /* PopoverBackgroundView.swift */; };
		345369321E6DE16D00F43AD1 /* AddClockViewController.swift in Sources */ = {isa = PBXBuildFile; fileRef = 345369311E6DE16D00F43AD1 /* AddClockViewController.swift */; };
/* End PBXBuildFile section */

/* Begin PBXFileReference section */
		341993A11E685C69005274BD /* Clockly.app */ = {isa = PBXFileReference; explicitFileType = wrapper.application; includeInIndex = 0; path = Clockly.app; sourceTree = BUILT_PRODUCTS_DIR; };
		341993D81E695FB6005274BD /* ViewController.swift */ = {isa = PBXFileReference; fileEncoding = 4; lastKnownFileType = sourcecode.swift; name = ViewController.swift; path = Clockly/ViewController.swift; sourceTree = "<group>"; };
		341993DA1E695FB6005274BD /* Model.xcdatamodel */ = {isa = PBXFileReference; lastKnownFileType = wrapper.xcdatamodel; path = Model.xcdatamodel; sourceTree = "<group>"; };
		341993DB1E695FB6005274BD /* Info.plist */ = {isa = PBXFileReference; fileEncoding = 4; lastKnownFileType = text.plist.xml; name = Info.plist; path = Clockly/Info.plist; sourceTree = "<group>"; };
		341993DC1E695FB6005274BD /* ClockCell.swift */ = {isa = PBXFileReference; fileEncoding = 4; lastKnownFileType = sourcecode.swift; name = ClockCell.swift; path = Clockly/ClockCell.swift; sourceTree = "<group>"; };
		341993DF1E695FB6005274BD /* Assets.xcassets */ = {isa = PBXFileReference; lastKnownFileType = folder.assetcatalog; name = Assets.xcassets; path = Clockly/Assets.xcassets; sourceTree = "<group>"; };
		341993E01E695FB6005274BD /* AppDelegate.swift */ = {isa = PBXFileReference; fileEncoding = 4; lastKnownFileType = sourcecode.swift; name = AppDelegate.swift; path = Clockly/AppDelegate.swift; sourceTree = "<group>"; };
		341993EB1E696023005274BD /* Base */ = {isa = PBXFileReference; lastKnownFileType = file.storyboard; name = Base; path = Clockly/Base.lproj/Main.storyboard; sourceTree = "<group>"; };
		345369291E6D554900F43AD1 /* PopoverViewController.swift */ = {isa = PBXFileReference; fileEncoding = 4; lastKnownFileType = sourcecode.swift; path = PopoverViewController.swift; sourceTree = "<group>"; };
		3453692B1E6D563200F43AD1 /* PopoverCell.swift */ = {isa = PBXFileReference; fileEncoding = 4; lastKnownFileType = sourcecode.swift; path = PopoverCell.swift; sourceTree = "<group>"; };
		3453692D1E6DB3CA00F43AD1 /* ClockManager.swift */ = {isa = PBXFileReference; fileEncoding = 4; lastKnownFileType = sourcecode.swift; path = ClockManager.swift; sourceTree = "<group>"; };
		3453692F1E6DB72C00F43AD1 /* PopoverBackgroundView.swift */ = {isa = PBXFileReference; fileEncoding = 4; lastKnownFileType = sourcecode.swift; path = PopoverBackgroundView.swift; sourceTree = "<group>"; };
		345369311E6DE16D00F43AD1 /* AddClockViewController.swift */ = {isa = PBXFileReference; fileEncoding = 4; lastKnownFileType = sourcecode.swift; path = AddClockViewController.swift; sourceTree = "<group>"; };
/* End PBXFileReference section */

/* Begin PBXFrameworksBuildPhase section */
		3419939E1E685C69005274BD /* Frameworks */ = {
			isa = PBXFrameworksBuildPhase;
			buildActionMask = 2147483647;
			files = (
			);
			runOnlyForDeploymentPostprocessing = 0;
		};
/* End PBXFrameworksBuildPhase section */

/* Begin PBXGroup section */
		341993981E685C69005274BD = {
			isa = PBXGroup;
			children = (
				341993E91E695FD2005274BD /* Clockly */,
				341993A21E685C69005274BD /* Products */,
			);
			sourceTree = "<group>";
		};
		341993A21E685C69005274BD /* Products */ = {
			isa = PBXGroup;
			children = (
				341993A11E685C69005274BD /* Clockly.app */,
			);
			name = Products;
			sourceTree = "<group>";
		};
		341993E91E695FD2005274BD /* Clockly */ = {
			isa = PBXGroup;
			children = (
				341993E01E695FB6005274BD /* AppDelegate.swift */,
				341993EA1E696023005274BD /* Main.storyboard */,
				345369341E6DF4A800F43AD1 /* Popover */,
				345369331E6DF49A00F43AD1 /* Data */,
				341993D81E695FB6005274BD /* ViewController.swift */,
				341993DC1E695FB6005274BD /* ClockCell.swift */,
				341993DF1E695FB6005274BD /* Assets.xcassets */,
				341993DB1E695FB6005274BD /* Info.plist */,
			);
			name = Clockly;
			sourceTree = "<group>";
		};
		345369331E6DF49A00F43AD1 /* Data */ = {
			isa = PBXGroup;
			children = (
				341993D91E695FB6005274BD /* Model.xcdatamodeld */,
				3453692D1E6DB3CA00F43AD1 /* ClockManager.swift */,
			);
			name = Data;
			sourceTree = "<group>";
		};
		345369341E6DF4A800F43AD1 /* Popover */ = {
			isa = PBXGroup;
			children = (
				3453692B1E6D563200F43AD1 /* PopoverCell.swift */,
				3453692F1E6DB72C00F43AD1 /* PopoverBackgroundView.swift */,
				345369291E6D554900F43AD1 /* PopoverViewController.swift */,
				345369311E6DE16D00F43AD1 /* AddClockViewController.swift */,
			);
			name = Popover;
			sourceTree = "<group>";
		};
/* End PBXGroup section */

/* Begin PBXNativeTarget section */
		341993A01E685C69005274BD /* Clockly */ = {
			isa = PBXNativeTarget;
			buildConfigurationList = 341993B01E685C69005274BD /* Build configuration list for PBXNativeTarget "Clockly" */;
			buildPhases = (
				3419939D1E685C69005274BD /* Sources */,
				3419939E1E685C69005274BD /* Frameworks */,
				3419939F1E685C69005274BD /* Resources */,
			);
			buildRules = (
			);
			dependencies = (
			);
			name = Clockly;
			productName = TableTest;
			productReference = 341993A11E685C69005274BD /* Clockly.app */;
			productType = "com.apple.product-type.application";
		};
/* End PBXNativeTarget section */

/* Begin PBXProject section */
		341993991E685C69005274BD /* Project object */ = {
			isa = PBXProject;
			attributes = {
				LastSwiftUpdateCheck = 0820;
				LastUpgradeCheck = 0820;
				ORGANIZATIONNAME = Matthew;
				TargetAttributes = {
					341993A01E685C69005274BD = {
						CreatedOnToolsVersion = 8.2.1;
						ProvisioningStyle = Automatic;
					};
				};
			};
			buildConfigurationList = 3419939C1E685C69005274BD /* Build configuration list for PBXProject "Clockly" */;
			compatibilityVersion = "Xcode 3.2";
			developmentRegion = English;
			hasScannedForEncodings = 0;
			knownRegions = (
				en,
				Base,
			);
			mainGroup = 341993981E685C69005274BD;
			productRefGroup = 341993A21E685C69005274BD /* Products */;
			projectDirPath = "";
			projectRoot = "";
			targets = (
				341993A01E685C69005274BD /* Clockly */,
			);
		};
/* End PBXProject section */

/* Begin PBXResourcesBuildPhase section */
		3419939F1E685C69005274BD /* Resources */ = {
			isa = PBXResourcesBuildPhase;
			buildActionMask = 2147483647;
			files = (
				341993EC1E696023005274BD /* Main.storyboard in Resources */,
				341993E31E695FB6005274BD /* Info.plist in Resources */,
				341993E71E695FB6005274BD /* Assets.xcassets in Resources */,
			);
			runOnlyForDeploymentPostprocessing = 0;
		};
/* End PBXResourcesBuildPhase section */

/* Begin PBXSourcesBuildPhase section */
		3419939D1E685C69005274BD /* Sources */ = {
			isa = PBXSourcesBuildPhase;
			buildActionMask = 2147483647;
			files = (
				345369301E6DB72C00F43AD1 /* PopoverBackgroundView.swift in Sources */,
				341993E11E695FB6005274BD /* ViewController.swift in Sources */,
				3453692C1E6D563200F43AD1 /* PopoverCell.swift in Sources */,
				341993E21E695FB6005274BD /* Model.xcdatamodeld in Sources */,
				345369321E6DE16D00F43AD1 /* AddClockViewController.swift in Sources */,
				3453692E1E6DB3CA00F43AD1 /* ClockManager.swift in Sources */,
				341993E41E695FB6005274BD /* ClockCell.swift in Sources */,
				3453692A1E6D554900F43AD1 /* PopoverViewController.swift in Sources */,
				341993E81E695FB6005274BD /* AppDelegate.swift in Sources */,
			);
			runOnlyForDeploymentPostprocessing = 0;
		};
/* End PBXSourcesBuildPhase section */

/* Begin PBXVariantGroup section */
		341993EA1E696023005274BD /* Main.storyboard */ = {
			isa = PBXVariantGroup;
			children = (
				341993EB1E696023005274BD /* Base */,
			);
			name = Main.storyboard;
			sourceTree = "<group>";
		};
/* End PBXVariantGroup section */

/* Begin XCBuildConfiguration section */
		341993AE1E685C69005274BD /* Debug */ = {
			isa = XCBuildConfiguration;
			buildSettings = {
				ALWAYS_SEARCH_USER_PATHS = NO;
				CLANG_ANALYZER_NONNULL = YES;
				CLANG_CXX_LANGUAGE_STANDARD = "gnu++0x";
				CLANG_CXX_LIBRARY = "libc++";
				CLANG_ENABLE_MODULES = YES;
				CLANG_ENABLE_OBJC_ARC = YES;
				CLANG_WARN_BOOL_CONVERSION = YES;
				CLANG_WARN_CONSTANT_CONVERSION = YES;
				CLANG_WARN_DIRECT_OBJC_ISA_USAGE = YES_ERROR;
				CLANG_WARN_DOCUMENTATION_COMMENTS = YES;
				CLANG_WARN_EMPTY_BODY = YES;
				CLANG_WARN_ENUM_CONVERSION = YES;
				CLANG_WARN_INFINITE_RECURSION = YES;
				CLANG_WARN_INT_CONVERSION = YES;
				CLANG_WARN_OBJC_ROOT_CLASS = YES_ERROR;
				CLANG_WARN_SUSPICIOUS_MOVE = YES;
				CLANG_WARN_UNREACHABLE_CODE = YES;
				CLANG_WARN__DUPLICATE_METHOD_MATCH = YES;
				CODE_SIGN_IDENTITY = "-";
				COPY_PHASE_STRIP = NO;
				DEBUG_INFORMATION_FORMAT = dwarf;
				ENABLE_STRICT_OBJC_MSGSEND = YES;
				ENABLE_TESTABILITY = YES;
				GCC_C_LANGUAGE_STANDARD = gnu99;
				GCC_DYNAMIC_NO_PIC = NO;
				GCC_NO_COMMON_BLOCKS = YES;
				GCC_OPTIMIZATION_LEVEL = 0;
				GCC_PREPROCESSOR_DEFINITIONS = (
					"DEBUG=1",
					"$(inherited)",
				);
				GCC_WARN_64_TO_32_BIT_CONVERSION = YES;
				GCC_WARN_ABOUT_RETURN_TYPE = YES_ERROR;
				GCC_WARN_UNDECLARED_SELECTOR = YES;
				GCC_WARN_UNINITIALIZED_AUTOS = YES_AGGRESSIVE;
				GCC_WARN_UNUSED_FUNCTION = YES;
				GCC_WARN_UNUSED_VARIABLE = YES;
				MACOSX_DEPLOYMENT_TARGET = 10.12;
				MTL_ENABLE_DEBUG_INFO = YES;
				ONLY_ACTIVE_ARCH = YES;
				SDKROOT = macosx;
				SWIFT_ACTIVE_COMPILATION_CONDITIONS = DEBUG;
				SWIFT_OPTIMIZATION_LEVEL = "-Onone";
			};
			name = Debug;
		};
		341993AF1E685C69005274BD /* Release */ = {
			isa = XCBuildConfiguration;
			buildSettings = {
				ALWAYS_SEARCH_USER_PATHS = NO;
				CLANG_ANALYZER_NONNULL = YES;
				CLANG_CXX_LANGUAGE_STANDARD = "gnu++0x";
				CLANG_CXX_LIBRARY = "libc++";
				CLANG_ENABLE_MODULES = YES;
				CLANG_ENABLE_OBJC_ARC = YES;
				CLANG_WARN_BOOL_CONVERSION = YES;
				CLANG_WARN_CONSTANT_CONVERSION = YES;
				CLANG_WARN_DIRECT_OBJC_ISA_USAGE = YES_ERROR;
				CLANG_WARN_DOCUMENTATION_COMMENTS = YES;
				CLANG_WARN_EMPTY_BODY = YES;
				CLANG_WARN_ENUM_CONVERSION = YES;
				CLANG_WARN_INFINITE_RECURSION = YES;
				CLANG_WARN_INT_CONVERSION = YES;
				CLANG_WARN_OBJC_ROOT_CLASS = YES_ERROR;
				CLANG_WARN_SUSPICIOUS_MOVE = YES;
				CLANG_WARN_UNREACHABLE_CODE = YES;
				CLANG_WARN__DUPLICATE_METHOD_MATCH = YES;
				CODE_SIGN_IDENTITY = "-";
				COPY_PHASE_STRIP = NO;
				DEBUG_INFORMATION_FORMAT = "dwarf-with-dsym";
				ENABLE_NS_ASSERTIONS = NO;
				ENABLE_STRICT_OBJC_MSGSEND = YES;
				GCC_C_LANGUAGE_STANDARD = gnu99;
				GCC_NO_COMMON_BLOCKS = YES;
				GCC_WARN_64_TO_32_BIT_CONVERSION = YES;
				GCC_WARN_ABOUT_RETURN_TYPE = YES_ERROR;
				GCC_WARN_UNDECLARED_SELECTOR = YES;
				GCC_WARN_UNINITIALIZED_AUTOS = YES_AGGRESSIVE;
				GCC_WARN_UNUSED_FUNCTION = YES;
				GCC_WARN_UNUSED_VARIABLE = YES;
				MACOSX_DEPLOYMENT_TARGET = 10.12;
				MTL_ENABLE_DEBUG_INFO = NO;
				SDKROOT = macosx;
				SWIFT_OPTIMIZATION_LEVEL = "-Owholemodule";
			};
			name = Release;
		};
		341993B11E685C69005274BD /* Debug */ = {
			isa = XCBuildConfiguration;
			buildSettings = {
				ASSETCATALOG_COMPILER_APPICON_NAME = AppIcon;
				COMBINE_HIDPI_IMAGES = YES;
				INFOPLIST_FILE = Clockly/Info.plist;
				LD_RUNPATH_SEARCH_PATHS = "$(inherited) @executable_path/../Frameworks";
				PRODUCT_BUNDLE_IDENTIFIER = com.msapps.TableTest;
				PRODUCT_NAME = "$(TARGET_NAME)";
				SWIFT_VERSION = 3.0;
			};
			name = Debug;
		};
		341993B21E685C69005274BD /* Release */ = {
			isa = XCBuildConfiguration;
			buildSettings = {
				ASSETCATALOG_COMPILER_APPICON_NAME = AppIcon;
				COMBINE_HIDPI_IMAGES = YES;
				INFOPLIST_FILE = Clockly/Info.plist;
				LD_RUNPATH_SEARCH_PATHS = "$(inherited) @executable_path/../Frameworks";
				PRODUCT_BUNDLE_IDENTIFIER = com.msapps.TableTest;
				PRODUCT_NAME = "$(TARGET_NAME)";
				SWIFT_VERSION = 3.0;
			};
			name = Release;
		};
/* End XCBuildConfiguration section */

/* Begin XCConfigurationList section */
		3419939C1E685C69005274BD /* Build configuration list for PBXProject "Clockly" */ = {
			isa = XCConfigurationList;
			buildConfigurations = (
				341993AE1E685C69005274BD /* Debug */,
				341993AF1E685C69005274BD /* Release */,
			);
			defaultConfigurationIsVisible = 0;
			defaultConfigurationName = Release;
		};
		341993B01E685C69005274BD /* Build configuration list for PBXNativeTarget "Clockly" */ = {
			isa = XCConfigurationList;
			buildConfigurations = (
				341993B11E685C69005274BD /* Debug */,
				341993B21E685C69005274BD /* Release */,
			);
			defaultConfigurationIsVisible = 0;
			defaultConfigurationName = Release;
		};
/* End XCConfigurationList section */

/* Begin XCVersionGroup section */
		341993D91E695FB6005274BD /* Model.xcdatamodeld */ = {
			isa = XCVersionGroup;
			children = (
				341993DA1E695FB6005274BD /* Model.xcdatamodel */,
			);
			currentVersion = 341993DA1E695FB6005274BD /* Model.xcdatamodel */;
			name = Model.xcdatamodeld;
			path = Clockly/Model.xcdatamodeld;
			sourceTree = "<group>";
			versionGroupType = wrapper.xcdatamodel;
		};
/* End XCVersionGroup section */
	};
	rootObject = 341993991E685C69005274BD /* Project object */;
}
